
Microsoft Visual Studio Solution File, Format Version 12.00
# Visual Studio 15
VisualStudioVersion = 15.0.28307.705
MinimumVisualStudioVersion = 10.0.40219.1
Project("{FAE04EC0-301F-11D3-BF4B-00C04F79EFBC}") = "TitanMessaging", "TitanMessaging\TitanMessaging.csproj", "{305391B3-91D2-4F9F-A54C-5F88E1EE8BC2}"
EndProject
Project("{FAE04EC0-301F-11D3-BF4B-00C04F79EFBC}") = "Core", "Core\Core.csproj", "{588780B4-091C-44BA-A3D5-80DA32E31BDF}"
EndProject
Project("{FAE04EC0-301F-11D3-BF4B-00C04F79EFBC}") = "Services", "Services\Services.csproj", "{AFBB2EE9-B0C8-48A8-9CA6-886F2D88CC0D}"
EndProject
Project("{FAE04EC0-301F-11D3-BF4B-00C04F79EFBC}") = "EntityFramework", "EntityFramework\EntityFramework.csproj", "{6FDBAE48-A144-496C-8C71-9C5ADB9C4494}"
EndProject
Global
	GlobalSection(SolutionConfigurationPlatforms) = preSolution
		Debug|Any CPU = Debug|Any CPU
		Release|Any CPU = Release|Any CPU
	EndGlobalSection
	GlobalSection(ProjectConfigurationPlatforms) = postSolution
		{305391B3-91D2-4F9F-A54C-5F88E1EE8BC2}.Debug|Any CPU.ActiveCfg = Debug|Any CPU
		{305391B3-91D2-4F9F-A54C-5F88E1EE8BC2}.Debug|Any CPU.Build.0 = Debug|Any CPU
		{305391B3-91D2-4F9F-A54C-5F88E1EE8BC2}.Release|Any CPU.ActiveCfg = Release|Any CPU
		{305391B3-91D2-4F9F-A54C-5F88E1EE8BC2}.Release|Any CPU.Build.0 = Release|Any CPU
		{588780B4-091C-44BA-A3D5-80DA32E31BDF}.Debug|Any CPU.ActiveCfg = Debug|Any CPU
		{588780B4-091C-44BA-A3D5-80DA32E31BDF}.Debug|Any CPU.Build.0 = Debug|Any CPU
		{588780B4-091C-44BA-A3D5-80DA32E31BDF}.Release|Any CPU.ActiveCfg = Release|Any CPU
		{588780B4-091C-44BA-A3D5-80DA32E31BDF}.Release|Any CPU.Build.0 = Release|Any CPU
		{AFBB2EE9-B0C8-48A8-9CA6-886F2D88CC0D}.Debug|Any CPU.ActiveCfg = Debug|Any CPU
		{AFBB2EE9-B0C8-48A8-9CA6-886F2D88CC0D}.Debug|Any CPU.Build.0 = Debug|Any CPU
		{AFBB2EE9-B0C8-48A8-9CA6-886F2D88CC0D}.Release|Any CPU.ActiveCfg = Release|Any CPU
		{AFBB2EE9-B0C8-48A8-9CA6-886F2D88CC0D}.Release|Any CPU.Build.0 = Release|Any CPU
		{6FDBAE48-A144-496C-8C71-9C5ADB9C4494}.Debug|Any CPU.ActiveCfg = Debug|Any CPU
		{6FDBAE48-A144-496C-8C71-9C5ADB9C4494}.Debug|Any CPU.Build.0 = Debug|Any CPU
		{6FDBAE48-A144-496C-8C71-9C5ADB9C4494}.Release|Any CPU.ActiveCfg = Release|Any CPU
		{6FDBAE48-A144-496C-8C71-9C5ADB9C4494}.Release|Any CPU.Build.0 = Release|Any CPU
	EndGlobalSection
	GlobalSection(SolutionProperties) = preSolution
		HideSolutionNode = FALSE
	EndGlobalSection
	GlobalSection(ExtensibilityGlobals) = postSolution
		SolutionGuid = {882187C8-F253-4D5F-BB0B-27FA424659B4}
	EndGlobalSection
EndGlobal
